// !$*UTF8*$!
{
	archiveVersion = 1;
	classes = {
	};
	objectVersion = 46;
	objects = {

/* Begin PBXBuildFile section */
		6CBA3E781A9AB35B00BCC3AC /* main.m in Sources */ = {isa = PBXBuildFile; fileRef = 6CBA3E771A9AB35B00BCC3AC /* main.m */; };
		6CBA3E7B1A9AB35B00BCC3AC /* AppDelegate.m in Sources */ = {isa = PBXBuildFile; fileRef = 6CBA3E7A1A9AB35B00BCC3AC /* AppDelegate.m */; };
		6CBA3E7E1A9AB35B00BCC3AC /* TweetSearchTableViewController.m in Sources */ = {isa = PBXBuildFile; fileRef = 6CBA3E7D1A9AB35B00BCC3AC /* TweetSearchTableViewController.m */; };
		6CBA3E811A9AB35B00BCC3AC /* Main.storyboard in Resources */ = {isa = PBXBuildFile; fileRef = 6CBA3E7F1A9AB35B00BCC3AC /* Main.storyboard */; };
		6CBA3E831A9AB35B00BCC3AC /* Images.xcassets in Resources */ = {isa = PBXBuildFile; fileRef = 6CBA3E821A9AB35B00BCC3AC /* Images.xcassets */; };
		6CBA3E861A9AB35B00BCC3AC /* LaunchScreen.xib in Resources */ = {isa = PBXBuildFile; fileRef = 6CBA3E841A9AB35B00BCC3AC /* LaunchScreen.xib */; };
		6CBA3E921A9AB35B00BCC3AC /* JoggCodingChallengeTests.m in Sources */ = {isa = PBXBuildFile; fileRef = 6CBA3E911A9AB35B00BCC3AC /* JoggCodingChallengeTests.m */; };
		6CBA3E9E1A9B1C4100BCC3AC /* devnotes.txt in Resources */ = {isa = PBXBuildFile; fileRef = 6CBA3E9D1A9B1C4100BCC3AC /* devnotes.txt */; };
/* End PBXBuildFile section */

/* Begin PBXContainerItemProxy section */
		6CBA3E8C1A9AB35B00BCC3AC /* PBXContainerItemProxy */ = {
			isa = PBXContainerItemProxy;
			containerPortal = 6CBA3E6A1A9AB35A00BCC3AC /* Project object */;
			proxyType = 1;
			remoteGlobalIDString = 6CBA3E711A9AB35B00BCC3AC;
			remoteInfo = JoggCodingChallenge;
		};
/* End PBXContainerItemProxy section */

/* Begin PBXFileReference section */
		6CBA3E721A9AB35B00BCC3AC /* JoggCodingChallenge.app */ = {isa = PBXFileReference; explicitFileType = wrapper.application; includeInIndex = 0; path = JoggCodingChallenge.app; sourceTree = BUILT_PRODUCTS_DIR; };
		6CBA3E761A9AB35B00BCC3AC /* Info.plist */ = {isa = PBXFileReference; lastKnownFileType = text.plist.xml; path = Info.plist; sourceTree = "<group>"; };
		6CBA3E771A9AB35B00BCC3AC /* main.m */ = {isa = PBXFileReference; lastKnownFileType = sourcecode.c.objc; path = main.m; sourceTree = "<group>"; };
		6CBA3E791A9AB35B00BCC3AC /* AppDelegate.h */ = {isa = PBXFileReference; lastKnownFileType = sourcecode.c.h; path = AppDelegate.h; sourceTree = "<group>"; };
		6CBA3E7A1A9AB35B00BCC3AC /* AppDelegate.m */ = {isa = PBXFileReference; lastKnownFileType = sourcecode.c.objc; path = AppDelegate.m; sourceTree = "<group>"; };
		6CBA3E7C1A9AB35B00BCC3AC /* TweetSearchTableViewController.h */ = {isa = PBXFileReference; lastKnownFileType = sourcecode.c.h; path = TweetSearchTableViewController.h; sourceTree = "<group>"; };
		6CBA3E7D1A9AB35B00BCC3AC /* TweetSearchTableViewController.m */ = {isa = PBXFileReference; lastKnownFileType = sourcecode.c.objc; path = TweetSearchTableViewController.m; sourceTree = "<group>"; };
		6CBA3E801A9AB35B00BCC3AC /* Base */ = {isa = PBXFileReference; lastKnownFileType = file.storyboard; name = Base; path = Base.lproj/Main.storyboard; sourceTree = "<group>"; };
		6CBA3E821A9AB35B00BCC3AC /* Images.xcassets */ = {isa = PBXFileReference; lastKnownFileType = folder.assetcatalog; path = Images.xcassets; sourceTree = "<group>"; };
		6CBA3E851A9AB35B00BCC3AC /* Base */ = {isa = PBXFileReference; lastKnownFileType = file.xib; name = Base; path = Base.lproj/LaunchScreen.xib; sourceTree = "<group>"; };
		6CBA3E8B1A9AB35B00BCC3AC /* JoggCodingChallengeTests.xctest */ = {isa = PBXFileReference; explicitFileType = wrapper.cfbundle; includeInIndex = 0; path = JoggCodingChallengeTests.xctest; sourceTree = BUILT_PRODUCTS_DIR; };
		6CBA3E901A9AB35B00BCC3AC /* Info.plist */ = {isa = PBXFileReference; lastKnownFileType = text.plist.xml; path = Info.plist; sourceTree = "<group>"; };
		6CBA3E911A9AB35B00BCC3AC /* JoggCodingChallengeTests.m */ = {isa = PBXFileReference; lastKnownFileType = sourcecode.c.objc; path = JoggCodingChallengeTests.m; sourceTree = "<group>"; };
		6CBA3E9C1A9AB4B200BCC3AC /* PrefixHeader.pch */ = {isa = PBXFileReference; fileEncoding = 4; lastKnownFileType = sourcecode.c.h; path = PrefixHeader.pch; sourceTree = "<group>"; };
		6CBA3E9D1A9B1C4100BCC3AC /* devnotes.txt */ = {isa = PBXFileReference; fileEncoding = 4; lastKnownFileType = text; path = devnotes.txt; sourceTree = "<group>"; };
/* End PBXFileReference section */

/* Begin PBXFrameworksBuildPhase section */
		6CBA3E6F1A9AB35B00BCC3AC /* Frameworks */ = {
			isa = PBXFrameworksBuildPhase;
			buildActionMask = 2147483647;
			files = (
			);
			runOnlyForDeploymentPostprocessing = 0;
		};
		6CBA3E881A9AB35B00BCC3AC /* Frameworks */ = {
			isa = PBXFrameworksBuildPhase;
			buildActionMask = 2147483647;
			files = (
			);
			runOnlyForDeploymentPostprocessing = 0;
		};
/* End PBXFrameworksBuildPhase section */

/* Begin PBXGroup section */
		6CBA3E691A9AB35A00BCC3AC = {
			isa = PBXGroup;
			children = (
				6CBA3E741A9AB35B00BCC3AC /* JoggCodingChallenge */,
				6CBA3E8E1A9AB35B00BCC3AC /* JoggCodingChallengeTests */,
				6CBA3E731A9AB35B00BCC3AC /* Products */,
			);
			sourceTree = "<group>";
		};
		6CBA3E731A9AB35B00BCC3AC /* Products */ = {
			isa = PBXGroup;
			children = (
				6CBA3E721A9AB35B00BCC3AC /* JoggCodingChallenge.app */,
				6CBA3E8B1A9AB35B00BCC3AC /* JoggCodingChallengeTests.xctest */,
			);
			name = Products;
			sourceTree = "<group>";
		};
		6CBA3E741A9AB35B00BCC3AC /* JoggCodingChallenge */ = {
			isa = PBXGroup;
			children = (
				6CBA3E9D1A9B1C4100BCC3AC /* devnotes.txt */,
				6CBA3E9C1A9AB4B200BCC3AC /* PrefixHeader.pch */,
				6CBA3E791A9AB35B00BCC3AC /* AppDelegate.h */,
				6CBA3E7A1A9AB35B00BCC3AC /* AppDelegate.m */,
				6CBA3E7C1A9AB35B00BCC3AC /* TweetSearchTableViewController.h */,
				6CBA3E7D1A9AB35B00BCC3AC /* TweetSearchTableViewController.m */,
				6CBA3E7F1A9AB35B00BCC3AC /* Main.storyboard */,
				6CBA3E821A9AB35B00BCC3AC /* Images.xcassets */,
				6CBA3E841A9AB35B00BCC3AC /* LaunchScreen.xib */,
				6CBA3E751A9AB35B00BCC3AC /* Supporting Files */,
			);
			path = JoggCodingChallenge;
			sourceTree = "<group>";
		};
		6CBA3E751A9AB35B00BCC3AC /* Supporting Files */ = {
			isa = PBXGroup;
			children = (
				6CBA3E761A9AB35B00BCC3AC /* Info.plist */,
				6CBA3E771A9AB35B00BCC3AC /* main.m */,
			);
			name = "Supporting Files";
			sourceTree = "<group>";
		};
		6CBA3E8E1A9AB35B00BCC3AC /* JoggCodingChallengeTests */ = {
			isa = PBXGroup;
			children = (
				6CBA3E911A9AB35B00BCC3AC /* JoggCodingChallengeTests.m */,
				6CBA3E8F1A9AB35B00BCC3AC /* Supporting Files */,
			);
			path = JoggCodingChallengeTests;
			sourceTree = "<group>";
		};
		6CBA3E8F1A9AB35B00BCC3AC /* Supporting Files */ = {
			isa = PBXGroup;
			children = (
				6CBA3E901A9AB35B00BCC3AC /* Info.plist */,
			);
			name = "Supporting Files";
			sourceTree = "<group>";
		};
/* End PBXGroup section */

/* Begin PBXNativeTarget section */
		6CBA3E711A9AB35B00BCC3AC /* JoggCodingChallenge */ = {
			isa = PBXNativeTarget;
			buildConfigurationList = 6CBA3E951A9AB35B00BCC3AC /* Build configuration list for PBXNativeTarget "JoggCodingChallenge" */;
			buildPhases = (
				6CBA3E6E1A9AB35B00BCC3AC /* Sources */,
				6CBA3E6F1A9AB35B00BCC3AC /* Frameworks */,
				6CBA3E701A9AB35B00BCC3AC /* Resources */,
			);
			buildRules = (
			);
			dependencies = (
			);
			name = JoggCodingChallenge;
			productName = JoggCodingChallenge;
			productReference = 6CBA3E721A9AB35B00BCC3AC /* JoggCodingChallenge.app */;
			productType = "com.apple.product-type.application";
		};
		6CBA3E8A1A9AB35B00BCC3AC /* JoggCodingChallengeTests */ = {
			isa = PBXNativeTarget;
			buildConfigurationList = 6CBA3E981A9AB35B00BCC3AC /* Build configuration list for PBXNativeTarget "JoggCodingChallengeTests" */;
			buildPhases = (
				6CBA3E871A9AB35B00BCC3AC /* Sources */,
				6CBA3E881A9AB35B00BCC3AC /* Frameworks */,
				6CBA3E891A9AB35B00BCC3AC /* Resources */,
			);
			buildRules = (
			);
			dependencies = (
				6CBA3E8D1A9AB35B00BCC3AC /* PBXTargetDependency */,
			);
			name = JoggCodingChallengeTests;
			productName = JoggCodingChallengeTests;
			productReference = 6CBA3E8B1A9AB35B00BCC3AC /* JoggCodingChallengeTests.xctest */;
			productType = "com.apple.product-type.bundle.unit-test";
		};
/* End PBXNativeTarget section */

/* Begin PBXProject section */
		6CBA3E6A1A9AB35A00BCC3AC /* Project object */ = {
			isa = PBXProject;
			attributes = {
				LastUpgradeCheck = 0610;
				ORGANIZATIONNAME = ScottSoft;
				TargetAttributes = {
					6CBA3E711A9AB35B00BCC3AC = {
						CreatedOnToolsVersion = 6.1.1;
					};
					6CBA3E8A1A9AB35B00BCC3AC = {
						CreatedOnToolsVersion = 6.1.1;
						TestTargetID = 6CBA3E711A9AB35B00BCC3AC;
					};
				};
			};
			buildConfigurationList = 6CBA3E6D1A9AB35A00BCC3AC /* Build configuration list for PBXProject "JoggCodingChallenge" */;
			compatibilityVersion = "Xcode 3.2";
			developmentRegion = English;
			hasScannedForEncodings = 0;
			knownRegions = (
				en,
				Base,
			);
			mainGroup = 6CBA3E691A9AB35A00BCC3AC;
			productRefGroup = 6CBA3E731A9AB35B00BCC3AC /* Products */;
			projectDirPath = "";
			projectRoot = "";
			targets = (
				6CBA3E711A9AB35B00BCC3AC /* JoggCodingChallenge */,
				6CBA3E8A1A9AB35B00BCC3AC /* JoggCodingChallengeTests */,
			);
		};
/* End PBXProject section */

/* Begin PBXResourcesBuildPhase section */
		6CBA3E701A9AB35B00BCC3AC /* Resources */ = {
			isa = PBXResourcesBuildPhase;
			buildActionMask = 2147483647;
			files = (
				6CBA3E811A9AB35B00BCC3AC /* Main.storyboard in Resources */,
				6CBA3E861A9AB35B00BCC3AC /* LaunchScreen.xib in Resources */,
				6CBA3E9E1A9B1C4100BCC3AC /* devnotes.txt in Resources */,
				6CBA3E831A9AB35B00BCC3AC /* Images.xcassets in Resources */,
			);
			runOnlyForDeploymentPostprocessing = 0;
		};
		6CBA3E891A9AB35B00BCC3AC /* Resources */ = {
			isa = PBXResourcesBuildPhase;
			buildActionMask = 2147483647;
			files = (
			);
			runOnlyForDeploymentPostprocessing = 0;
		};
/* End PBXResourcesBuildPhase section */

/* Begin PBXSourcesBuildPhase section */
		6CBA3E6E1A9AB35B00BCC3AC /* Sources */ = {
			isa = PBXSourcesBuildPhase;
			buildActionMask = 2147483647;
			files = (
				6CBA3E7E1A9AB35B00BCC3AC /* TweetSearchTableViewController.m in Sources */,
				6CBA3E7B1A9AB35B00BCC3AC /* AppDelegate.m in Sources */,
				6CBA3E781A9AB35B00BCC3AC /* main.m in Sources */,
			);
			runOnlyForDeploymentPostprocessing = 0;
		};
		6CBA3E871A9AB35B00BCC3AC /* Sources */ = {
			isa = PBXSourcesBuildPhase;
			buildActionMask = 2147483647;
			files = (
				6CBA3E921A9AB35B00BCC3AC /* JoggCodingChallengeTests.m in Sources */,
			);
			runOnlyForDeploymentPostprocessing = 0;
		};
/* End PBXSourcesBuildPhase section */

/* Begin PBXTargetDependency section */
		6CBA3E8D1A9AB35B00BCC3AC /* PBXTargetDependency */ = {
			isa = PBXTargetDependency;
			target = 6CBA3E711A9AB35B00BCC3AC /* JoggCodingChallenge */;
			targetProxy = 6CBA3E8C1A9AB35B00BCC3AC /* PBXContainerItemProxy */;
		};
/* End PBXTargetDependency section */

/* Begin PBXVariantGroup section */
		6CBA3E7F1A9AB35B00BCC3AC /* Main.storyboard */ = {
			isa = PBXVariantGroup;
			children = (
				6CBA3E801A9AB35B00BCC3AC /* Base */,
			);
			name = Main.storyboard;
			sourceTree = "<group>";
		};
		6CBA3E841A9AB35B00BCC3AC /* LaunchScreen.xib */ = {
			isa = PBXVariantGroup;
			children = (
				6CBA3E851A9AB35B00BCC3AC /* Base */,
			);
			name = LaunchScreen.xib;
			sourceTree = "<group>";
		};
/* End PBXVariantGroup section */

/* Begin XCBuildConfiguration section */
		6CBA3E931A9AB35B00BCC3AC /* Debug */ = {
			isa = XCBuildConfiguration;
			buildSettings = {
				ALWAYS_SEARCH_USER_PATHS = NO;
				CLANG_CXX_LANGUAGE_STANDARD = "gnu++0x";
				CLANG_CXX_LIBRARY = "libc++";
				CLANG_ENABLE_MODULES = YES;
				CLANG_ENABLE_OBJC_ARC = YES;
				CLANG_WARN_BOOL_CONVERSION = YES;
				CLANG_WARN_CONSTANT_CONVERSION = YES;
				CLANG_WARN_DIRECT_OBJC_ISA_USAGE = YES_ERROR;
				CLANG_WARN_EMPTY_BODY = YES;
				CLANG_WARN_ENUM_CONVERSION = YES;
				CLANG_WARN_INT_CONVERSION = YES;
				CLANG_WARN_OBJC_ROOT_CLASS = YES_ERROR;
				CLANG_WARN_UNREACHABLE_CODE = YES;
				CLANG_WARN__DUPLICATE_METHOD_MATCH = YES;
				"CODE_SIGN_IDENTITY[sdk=iphoneos*]" = "iPhone Developer";
				COPY_PHASE_STRIP = NO;
				ENABLE_STRICT_OBJC_MSGSEND = YES;
				GCC_C_LANGUAGE_STANDARD = gnu99;
				GCC_DYNAMIC_NO_PIC = NO;
				GCC_OPTIMIZATION_LEVEL = 0;
				GCC_PREPROCESSOR_DEFINITIONS = (
					"DEBUG=1",
					"$(inherited)",
				);
				GCC_SYMBOLS_PRIVATE_EXTERN = NO;
				GCC_WARN_64_TO_32_BIT_CONVERSION = YES;
				GCC_WARN_ABOUT_RETURN_TYPE = YES_ERROR;
				GCC_WARN_UNDECLARED_SELECTOR = YES;
				GCC_WARN_UNINITIALIZED_AUTOS = YES_AGGRESSIVE;
				GCC_WARN_UNUSED_FUNCTION = YES;
				GCC_WARN_UNUSED_VARIABLE = YES;
				IPHONEOS_DEPLOYMENT_TARGET = 8.1;
				MTL_ENABLE_DEBUG_INFO = YES;
				ONLY_ACTIVE_ARCH = YES;
				SDKROOT = iphoneos;
				TARGETED_DEVICE_FAMILY = "1,2";
			};
			name = Debug;
		};
		6CBA3E941A9AB35B00BCC3AC /* Release */ = {
			isa = XCBuildConfiguration;
			buildSettings = {
				ALWAYS_SEARCH_USER_PATHS = NO;
				CLANG_CXX_LANGUAGE_STANDARD = "gnu++0x";
				CLANG_CXX_LIBRARY = "libc++";
				CLANG_ENABLE_MODULES = YES;
				CLANG_ENABLE_OBJC_ARC = YES;
				CLANG_WARN_BOOL_CONVERSION = YES;
				CLANG_WARN_CONSTANT_CONVERSION = YES;
				CLANG_WARN_DIRECT_OBJC_ISA_USAGE = YES_ERROR;
				CLANG_WARN_EMPTY_BODY = YES;
				CLANG_WARN_ENUM_CONVERSION = YES;
				CLANG_WARN_INT_CONVERSION = YES;
				CLANG_WARN_OBJC_ROOT_CLASS = YES_ERROR;
				CLANG_WARN_UNREACHABLE_CODE = YES;
				CLANG_WARN__DUPLICATE_METHOD_MATCH = YES;
				"CODE_SIGN_IDENTITY[sdk=iphoneos*]" = "iPhone Developer";
				COPY_PHASE_STRIP = YES;
				ENABLE_NS_ASSERTIONS = NO;
				ENABLE_STRICT_OBJC_MSGSEND = YES;
				GCC_C_LANGUAGE_STANDARD = gnu99;
				GCC_WARN_64_TO_32_BIT_CONVERSION = YES;
				GCC_WARN_ABOUT_RETURN_TYPE = YES_ERROR;
				GCC_WARN_UNDECLARED_SELECTOR = YES;
				GCC_WARN_UNINITIALIZED_AUTOS = YES_AGGRESSIVE;
				GCC_WARN_UNUSED_FUNCTION = YES;
				GCC_WARN_UNUSED_VARIABLE = YES;
				IPHONEOS_DEPLOYMENT_TARGET = 8.1;
				MTL_ENABLE_DEBUG_INFO = NO;
				SDKROOT = iphoneos;
				TARGETED_DEVICE_FAMILY = "1,2";
				VALIDATE_PRODUCT = YES;
			};
			name = Release;
		};
		6CBA3E961A9AB35B00BCC3AC /* Debug */ = {
			isa = XCBuildConfiguration;
			buildSettings = {
				ASSETCATALOG_COMPILER_APPICON_NAME = AppIcon;
				GCC_PRECOMPILE_PREFIX_HEADER = YES;
				GCC_PREFIX_HEADER = JoggCodingChallenge/PrefixHeader.pch;
				INFOPLIST_FILE = JoggCodingChallenge/Info.plist;
				IPHONEOS_DEPLOYMENT_TARGET = 7.1;
				LD_RUNPATH_SEARCH_PATHS = "$(inherited) @executable_path/Frameworks";
				PRODUCT_NAME = "$(TARGET_NAME)";
			};
			name = Debug;
		};
		6CBA3E971A9AB35B00BCC3AC /* Release */ = {
			isa = XCBuildConfiguration;
			buildSettings = {
				ASSETCATALOG_COMPILER_APPICON_NAME = AppIcon;
				GCC_PRECOMPILE_PREFIX_HEADER = YES;
				GCC_PREFIX_HEADER = JoggCodingChallenge/PrefixHeader.pch;
				INFOPLIST_FILE = JoggCodingChallenge/Info.plist;
				IPHONEOS_DEPLOYMENT_TARGET = 7.1;
				LD_RUNPATH_SEARCH_PATHS = "$(inherited) @executable_path/Frameworks";
				PRODUCT_NAME = "$(TARGET_NAME)";
			};
			name = Release;
		};
		6CBA3E991A9AB35B00BCC3AC /* Debug */ = {
			isa = XCBuildConfiguration;
			buildSettings = {
				BUNDLE_LOADER = "$(TEST_HOST)";
				FRAMEWORK_SEARCH_PATHS = (
					"$(SDKROOT)/Developer/Library/Frameworks",
					"$(inherited)",
				);
				GCC_PREPROCESSOR_DEFINITIONS = (
					"DEBUG=1",
					"$(inherited)",
				);
				INFOPLIST_FILE = JoggCodingChallengeTests/Info.plist;
				LD_RUNPATH_SEARCH_PATHS = "$(inherited) @executable_path/Frameworks @loader_path/Frameworks";
				PRODUCT_NAME = "$(TARGET_NAME)";
				TEST_HOST = "$(BUILT_PRODUCTS_DIR)/JoggCodingChallenge.app/JoggCodingChallenge";
			};
			name = Debug;
		};
		6CBA3E9A1A9AB35B00BCC3AC /* Release */ = {
			isa = XCBuildConfiguration;
			buildSettings = {
				BUNDLE_LOADER = "$(TEST_HOST)";
				FRAMEWORK_SEARCH_PATHS = (
					"$(SDKROOT)/Developer/Library/Frameworks",
					"$(inherited)",
				);
				INFOPLIST_FILE = JoggCodingChallengeTests/Info.plist;
				LD_RUNPATH_SEARCH_PATHS = "$(inherited) @executable_path/Frameworks @loader_path/Frameworks";
				PRODUCT_NAME = "$(TARGET_NAME)";
				TEST_HOST = "$(BUILT_PRODUCTS_DIR)/JoggCodingChallenge.app/JoggCodingChallenge";
			};
			name = Release;
		};
/* End XCBuildConfiguration section */

/* Begin XCConfigurationList section */
		6CBA3E6D1A9AB35A00BCC3AC /* Build configuration list for PBXProject "JoggCodingChallenge" */ = {
			isa = XCConfigurationList;
			buildConfigurations = (
				6CBA3E931A9AB35B00BCC3AC /* Debug */,
				6CBA3E941A9AB35B00BCC3AC /* Release */,
			);
			defaultConfigurationIsVisible = 0;
			defaultConfigurationName = Release;
		};
		6CBA3E951A9AB35B00BCC3AC /* Build configuration list for PBXNativeTarget "JoggCodingChallenge" */ = {
			isa = XCConfigurationList;
			buildConfigurations = (
				6CBA3E961A9AB35B00BCC3AC /* Debug */,
				6CBA3E971A9AB35B00BCC3AC /* Release */,
			);
			defaultConfigurationIsVisible = 0;
		};
		6CBA3E981A9AB35B00BCC3AC /* Build configuration list for PBXNativeTarget "JoggCodingChallengeTests" */ = {
			isa = XCConfigurationList;
			buildConfigurations = (
				6CBA3E991A9AB35B00BCC3AC /* Debug */,
				6CBA3E9A1A9AB35B00BCC3AC /* Release */,
			);
			defaultConfigurationIsVisible = 0;
		};
/* End XCConfigurationList section */
	};
	rootObject = 6CBA3E6A1A9AB35A00BCC3AC /* Project object */;
}
